
Microsoft Visual Studio Solution File, Format Version 12.00
# Visual Studio 15
VisualStudioVersion = 15.0.27703.2026
MinimumVisualStudioVersion = 10.0.40219.1
Project("{9A19103F-16F7-4668-BE54-9A1E7A4F7556}") = "Telemetry.Core", "Telemetry.Core\Telemetry.Core.csproj", "{66406C97-9BCC-483D-BA24-80280AAA68CE}"
EndProject
Project("{9A19103F-16F7-4668-BE54-9A1E7A4F7556}") = "Telemetry.Dal", "Telemetry.Dal\Telemetry.Dal.csproj", "{8F4F7821-C15C-4046-B90D-93EA35736787}"
EndProject
Project("{FAE04EC0-301F-11D3-BF4B-00C04F79EFBC}") = "Telemetry.Api", "Telemetry.Api\Telemetry.Api.csproj", "{0A1D5BC4-2AED-41CB-A6D7-E940C1437209}"
EndProject
Global
	GlobalSection(SolutionConfigurationPlatforms) = preSolution
		Debug|Any CPU = Debug|Any CPU
		Release|Any CPU = Release|Any CPU
	EndGlobalSection
	GlobalSection(ProjectConfigurationPlatforms) = postSolution
		{66406C97-9BCC-483D-BA24-80280AAA68CE}.Debug|Any CPU.ActiveCfg = Debug|Any CPU
		{66406C97-9BCC-483D-BA24-80280AAA68CE}.Debug|Any CPU.Build.0 = Debug|Any CPU
		{66406C97-9BCC-483D-BA24-80280AAA68CE}.Release|Any CPU.ActiveCfg = Release|Any CPU
		{66406C97-9BCC-483D-BA24-80280AAA68CE}.Release|Any CPU.Build.0 = Release|Any CPU
		{8F4F7821-C15C-4046-B90D-93EA35736787}.Debug|Any CPU.ActiveCfg = Debug|Any CPU
		{8F4F7821-C15C-4046-B90D-93EA35736787}.Debug|Any CPU.Build.0 = Debug|Any CPU
		{8F4F7821-C15C-4046-B90D-93EA35736787}.Release|Any CPU.ActiveCfg = Release|Any CPU
		{8F4F7821-C15C-4046-B90D-93EA35736787}.Release|Any CPU.Build.0 = Release|Any CPU
		{0A1D5BC4-2AED-41CB-A6D7-E940C1437209}.Debug|Any CPU.ActiveCfg = Debug|Any CPU
		{0A1D5BC4-2AED-41CB-A6D7-E940C1437209}.Debug|Any CPU.Build.0 = Debug|Any CPU
		{0A1D5BC4-2AED-41CB-A6D7-E940C1437209}.Release|Any CPU.ActiveCfg = Release|Any CPU
		{0A1D5BC4-2AED-41CB-A6D7-E940C1437209}.Release|Any CPU.Build.0 = Release|Any CPU
	EndGlobalSection
	GlobalSection(SolutionProperties) = preSolution
		HideSolutionNode = FALSE
	EndGlobalSection
	GlobalSection(ExtensibilityGlobals) = postSolution
		SolutionGuid = {9BC74BA1-929E-415E-B87A-3236A46BAB9B}
	EndGlobalSection
EndGlobal
